PODS:
  - Alamofire (4.7.3)
  - SwiftEventBus (2.1.2)

DEPENDENCIES:
  - Alamofire (~> 4.7)
  - SwiftEventBus

SPEC REPOS:
  https://github.com/cocoapods/specs.git:
    - Alamofire
    - SwiftEventBus

SPEC CHECKSUMS:
  Alamofire: c7287b6e5d7da964a70935e5db17046b7fde6568
  SwiftEventBus: 9e8f6d8cff2826d66536ec367d17a47299478aa0

PODFILE CHECKSUM: 7deac77b5ab6a2406fda8c9161c8d07dd1437400

COCOAPODS: 1.5.3
